
Microsoft Visual Studio Solution File, Format Version 12.00
# Visual Studio 15
Project("{FAE04EC0-301F-11D3-BF4B-00C04F79EFBC}") = "loom.time.Android", "loom.time.Android\loom.time.Android.csproj", "{D414FE63-CC37-46C7-B514-900E29DF0B59}"
EndProject
Project("{FAE04EC0-301F-11D3-BF4B-00C04F79EFBC}") = "loom.time.iOS", "loom.time.iOS\loom.time.iOS.csproj", "{083150E1-613F-48E6-ADDA-B3D037720AF1}"
EndProject
Project("{FAE04EC0-301F-11D3-BF4B-00C04F79EFBC}") = "loom.time", "loom.time\loom.time.csproj", "{6A7CCD79-0268-4292-B5A8-DD6524F8CC82}"
EndProject
Project("{FAE04EC0-301F-11D3-BF4B-00C04F79EFBC}") = "loom.time.GTK", "loom.time.GTK\loom.time.GTK.csproj", "{2744D046-7F58-43AC-A6E6-D9BEE8FAA942}"
EndProject
Project("{FAE04EC0-301F-11D3-BF4B-00C04F79EFBC}") = "loom.webservice", "loom.webservice\loom.webservice.csproj", "{5143BF9D-2126-4ADC-AF07-93446AA93BC1}"
EndProject
Global
	GlobalSection(SolutionConfigurationPlatforms) = preSolution
		Debug|Any CPU = Debug|Any CPU
		Release|Any CPU = Release|Any CPU
		Debug|iPhoneSimulator = Debug|iPhoneSimulator
		Release|iPhoneSimulator = Release|iPhoneSimulator
		Debug|iPhone = Debug|iPhone
		Release|iPhone = Release|iPhone
		Ad-Hoc|iPhone = Ad-Hoc|iPhone
		AppStore|iPhone = AppStore|iPhone
	EndGlobalSection
	GlobalSection(ProjectConfigurationPlatforms) = postSolution
		{D414FE63-CC37-46C7-B514-900E29DF0B59}.Debug|Any CPU.ActiveCfg = Debug|Any CPU
		{D414FE63-CC37-46C7-B514-900E29DF0B59}.Debug|Any CPU.Build.0 = Debug|Any CPU
		{D414FE63-CC37-46C7-B514-900E29DF0B59}.Release|Any CPU.ActiveCfg = Release|Any CPU
		{D414FE63-CC37-46C7-B514-900E29DF0B59}.Release|Any CPU.Build.0 = Release|Any CPU
		{D414FE63-CC37-46C7-B514-900E29DF0B59}.Debug|iPhoneSimulator.ActiveCfg = Debug|Any CPU
		{D414FE63-CC37-46C7-B514-900E29DF0B59}.Debug|iPhoneSimulator.Build.0 = Debug|Any CPU
		{D414FE63-CC37-46C7-B514-900E29DF0B59}.Release|iPhoneSimulator.ActiveCfg = Release|Any CPU
		{D414FE63-CC37-46C7-B514-900E29DF0B59}.Release|iPhoneSimulator.Build.0 = Release|Any CPU
		{D414FE63-CC37-46C7-B514-900E29DF0B59}.Debug|iPhone.ActiveCfg = Debug|Any CPU
		{D414FE63-CC37-46C7-B514-900E29DF0B59}.Debug|iPhone.Build.0 = Debug|Any CPU
		{D414FE63-CC37-46C7-B514-900E29DF0B59}.Release|iPhone.ActiveCfg = Release|Any CPU
		{D414FE63-CC37-46C7-B514-900E29DF0B59}.Release|iPhone.Build.0 = Release|Any CPU
		{D414FE63-CC37-46C7-B514-900E29DF0B59}.Ad-Hoc|iPhone.ActiveCfg = Debug|Any CPU
		{D414FE63-CC37-46C7-B514-900E29DF0B59}.Ad-Hoc|iPhone.Build.0 = Debug|Any CPU
		{D414FE63-CC37-46C7-B514-900E29DF0B59}.AppStore|iPhone.ActiveCfg = Debug|Any CPU
		{D414FE63-CC37-46C7-B514-900E29DF0B59}.AppStore|iPhone.Build.0 = Debug|Any CPU
		{083150E1-613F-48E6-ADDA-B3D037720AF1}.Debug|Any CPU.ActiveCfg = Debug|iPhoneSimulator
		{083150E1-613F-48E6-ADDA-B3D037720AF1}.Debug|Any CPU.Build.0 = Debug|iPhoneSimulator
		{083150E1-613F-48E6-ADDA-B3D037720AF1}.Release|Any CPU.ActiveCfg = Release|iPhoneSimulator
		{083150E1-613F-48E6-ADDA-B3D037720AF1}.Release|Any CPU.Build.0 = Release|iPhoneSimulator
		{083150E1-613F-48E6-ADDA-B3D037720AF1}.Debug|iPhoneSimulator.ActiveCfg = Debug|iPhoneSimulator
		{083150E1-613F-48E6-ADDA-B3D037720AF1}.Debug|iPhoneSimulator.Build.0 = Debug|iPhoneSimulator
		{083150E1-613F-48E6-ADDA-B3D037720AF1}.Release|iPhoneSimulator.ActiveCfg = Release|iPhoneSimulator
		{083150E1-613F-48E6-ADDA-B3D037720AF1}.Release|iPhoneSimulator.Build.0 = Release|iPhoneSimulator
		{083150E1-613F-48E6-ADDA-B3D037720AF1}.Debug|iPhone.ActiveCfg = Debug|iPhone
		{083150E1-613F-48E6-ADDA-B3D037720AF1}.Debug|iPhone.Build.0 = Debug|iPhone
		{083150E1-613F-48E6-ADDA-B3D037720AF1}.Release|iPhone.ActiveCfg = Release|iPhone
		{083150E1-613F-48E6-ADDA-B3D037720AF1}.Release|iPhone.Build.0 = Release|iPhone
		{083150E1-613F-48E6-ADDA-B3D037720AF1}.Ad-Hoc|iPhone.ActiveCfg = Ad-Hoc|iPhone
		{083150E1-613F-48E6-ADDA-B3D037720AF1}.Ad-Hoc|iPhone.Build.0 = Ad-Hoc|iPhone
		{083150E1-613F-48E6-ADDA-B3D037720AF1}.AppStore|iPhone.ActiveCfg = AppStore|iPhone
		{083150E1-613F-48E6-ADDA-B3D037720AF1}.AppStore|iPhone.Build.0 = AppStore|iPhone
		{6A7CCD79-0268-4292-B5A8-DD6524F8CC82}.Debug|Any CPU.ActiveCfg = Debug|Any CPU
		{6A7CCD79-0268-4292-B5A8-DD6524F8CC82}.Debug|Any CPU.Build.0 = Debug|Any CPU
		{6A7CCD79-0268-4292-B5A8-DD6524F8CC82}.Release|Any CPU.ActiveCfg = Release|Any CPU
		{6A7CCD79-0268-4292-B5A8-DD6524F8CC82}.Release|Any CPU.Build.0 = Release|Any CPU
		{6A7CCD79-0268-4292-B5A8-DD6524F8CC82}.Debug|iPhoneSimulator.ActiveCfg = Debug|Any CPU
		{6A7CCD79-0268-4292-B5A8-DD6524F8CC82}.Debug|iPhoneSimulator.Build.0 = Debug|Any CPU
		{6A7CCD79-0268-4292-B5A8-DD6524F8CC82}.Release|iPhoneSimulator.ActiveCfg = Release|Any CPU
		{6A7CCD79-0268-4292-B5A8-DD6524F8CC82}.Release|iPhoneSimulator.Build.0 = Release|Any CPU
		{6A7CCD79-0268-4292-B5A8-DD6524F8CC82}.Debug|iPhone.ActiveCfg = Debug|Any CPU
		{6A7CCD79-0268-4292-B5A8-DD6524F8CC82}.Debug|iPhone.Build.0 = Debug|Any CPU
		{6A7CCD79-0268-4292-B5A8-DD6524F8CC82}.Release|iPhone.ActiveCfg = Release|Any CPU
		{6A7CCD79-0268-4292-B5A8-DD6524F8CC82}.Release|iPhone.Build.0 = Release|Any CPU
		{6A7CCD79-0268-4292-B5A8-DD6524F8CC82}.Ad-Hoc|iPhone.ActiveCfg = Debug|Any CPU
		{6A7CCD79-0268-4292-B5A8-DD6524F8CC82}.Ad-Hoc|iPhone.Build.0 = Debug|Any CPU
		{6A7CCD79-0268-4292-B5A8-DD6524F8CC82}.AppStore|iPhone.ActiveCfg = Debug|Any CPU
		{6A7CCD79-0268-4292-B5A8-DD6524F8CC82}.AppStore|iPhone.Build.0 = Debug|Any CPU
		{2744D046-7F58-43AC-A6E6-D9BEE8FAA942}.Debug|Any CPU.ActiveCfg = Debug|Any CPU
		{2744D046-7F58-43AC-A6E6-D9BEE8FAA942}.Debug|Any CPU.Build.0 = Debug|Any CPU
		{2744D046-7F58-43AC-A6E6-D9BEE8FAA942}.Release|Any CPU.ActiveCfg = Release|Any CPU
		{2744D046-7F58-43AC-A6E6-D9BEE8FAA942}.Release|Any CPU.Build.0 = Release|Any CPU
		{2744D046-7F58-43AC-A6E6-D9BEE8FAA942}.Debug|iPhoneSimulator.ActiveCfg = Debug|Any CPU
		{2744D046-7F58-43AC-A6E6-D9BEE8FAA942}.Debug|iPhoneSimulator.Build.0 = Debug|Any CPU
		{2744D046-7F58-43AC-A6E6-D9BEE8FAA942}.Release|iPhoneSimulator.ActiveCfg = Release|Any CPU
		{2744D046-7F58-43AC-A6E6-D9BEE8FAA942}.Release|iPhoneSimulator.Build.0 = Release|Any CPU
		{2744D046-7F58-43AC-A6E6-D9BEE8FAA942}.Debug|iPhone.ActiveCfg = Debug|Any CPU
		{2744D046-7F58-43AC-A6E6-D9BEE8FAA942}.Debug|iPhone.Build.0 = Debug|Any CPU
		{2744D046-7F58-43AC-A6E6-D9BEE8FAA942}.Release|iPhone.ActiveCfg = Release|Any CPU
		{2744D046-7F58-43AC-A6E6-D9BEE8FAA942}.Release|iPhone.Build.0 = Release|Any CPU
		{2744D046-7F58-43AC-A6E6-D9BEE8FAA942}.Ad-Hoc|iPhone.ActiveCfg = Debug|Any CPU
		{2744D046-7F58-43AC-A6E6-D9BEE8FAA942}.Ad-Hoc|iPhone.Build.0 = Debug|Any CPU
		{2744D046-7F58-43AC-A6E6-D9BEE8FAA942}.AppStore|iPhone.ActiveCfg = Debug|Any CPU
		{2744D046-7F58-43AC-A6E6-D9BEE8FAA942}.AppStore|iPhone.Build.0 = Debug|Any CPU
		{5143BF9D-2126-4ADC-AF07-93446AA93BC1}.Debug|Any CPU.ActiveCfg = Debug|Any CPU
		{5143BF9D-2126-4ADC-AF07-93446AA93BC1}.Debug|Any CPU.Build.0 = Debug|Any CPU
		{5143BF9D-2126-4ADC-AF07-93446AA93BC1}.Release|Any CPU.ActiveCfg = Release|Any CPU
		{5143BF9D-2126-4ADC-AF07-93446AA93BC1}.Release|Any CPU.Build.0 = Release|Any CPU
		{5143BF9D-2126-4ADC-AF07-93446AA93BC1}.Debug|iPhoneSimulator.ActiveCfg = Debug|Any CPU
		{5143BF9D-2126-4ADC-AF07-93446AA93BC1}.Debug|iPhoneSimulator.Build.0 = Debug|Any CPU
		{5143BF9D-2126-4ADC-AF07-93446AA93BC1}.Release|iPhoneSimulator.ActiveCfg = Release|Any CPU
		{5143BF9D-2126-4ADC-AF07-93446AA93BC1}.Release|iPhoneSimulator.Build.0 = Release|Any CPU
		{5143BF9D-2126-4ADC-AF07-93446AA93BC1}.Debug|iPhone.ActiveCfg = Debug|Any CPU
		{5143BF9D-2126-4ADC-AF07-93446AA93BC1}.Debug|iPhone.Build.0 = Debug|Any CPU
		{5143BF9D-2126-4ADC-AF07-93446AA93BC1}.Release|iPhone.ActiveCfg = Release|Any CPU
		{5143BF9D-2126-4ADC-AF07-93446AA93BC1}.Release|iPhone.Build.0 = Release|Any CPU
		{5143BF9D-2126-4ADC-AF07-93446AA93BC1}.Ad-Hoc|iPhone.ActiveCfg = Debug|Any CPU
		{5143BF9D-2126-4ADC-AF07-93446AA93BC1}.Ad-Hoc|iPhone.Build.0 = Debug|Any CPU
		{5143BF9D-2126-4ADC-AF07-93446AA93BC1}.AppStore|iPhone.ActiveCfg = Debug|Any CPU
		{5143BF9D-2126-4ADC-AF07-93446AA93BC1}.AppStore|iPhone.Build.0 = Debug|Any CPU
	EndGlobalSection
EndGlobal
